<?xml version="1.0" encoding="utf-8"?>
<Project ToolsVersion="4.0" xmlns="http://schemas.microsoft.com/developer/msbuild/2003">
  <ItemGroup>
    <Filter Include="QC">
      <UniqueIdentifier>{F9745900-E500-880B-4EAF-880B3A5A880B}</UniqueIdentifier>
    </Filter>
  </ItemGroup>
  <ItemGroup>
    <ClInclude Include="src\QC\Application.h">
      <Filter>QC</Filter>
    </ClInclude>
    <ClInclude Include="src\QC\Core.h">
      <Filter>QC</Filter>
    </ClInclude>
    <ClInclude Include="src\QC\EntryPoint.h">
      <Filter>QC</Filter>
    </ClInclude>
    <ClInclude Include="src\QC\Log.h">
      <Filter>QC</Filter>
    </ClInclude>
    <ClInclude Include="src\QCEngine.h" />
  </ItemGroup>
  <ItemGroup>
    <ClCompile Include="src\QC\Application.cpp">
      <Filter>QC</Filter>
    </ClCompile>
    <ClCompile Include="src\QC\Log.cpp">
      <Filter>QC</Filter>
    </ClCompile>
  </ItemGroup>
</Project>